Microsoft Visual Studio Solution File, Format Version 11.00
# Visual Studio 2008

Project("{D96D3521-F3A9-451C-8B6F-C9218B51DF15}") = "Circulation-01", "Assembly-CSharp.csproj", "{FEB51812-1D5C-4A67-4D4C-1EEAD9B8D4CA}"
EndProject
Project("{D96D3521-F3A9-451C-8B6F-C9218B51DF15}") = "Circulation-01", "Assembly-CSharp-Editor.csproj", "{D7B84B79-29CC-60F3-F49E-065ABEA51180}"
EndProject
Global
	GlobalSection(SolutionConfigurationPlatforms) = preSolution
		Debug|Any CPU = Debug|Any CPU
		Release|Any CPU = Release|Any CPU
	EndGlobalSection
	GlobalSection(ProjectConfigurationPlatforms) = postSolution
		{FEB51812-1D5C-4A67-4D4C-1EEAD9B8D4CA}.Debug|Any CPU.ActiveCfg = Debug|Any CPU
		{FEB51812-1D5C-4A67-4D4C-1EEAD9B8D4CA}.Debug|Any CPU.Build.0 = Debug|Any CPU
		{FEB51812-1D5C-4A67-4D4C-1EEAD9B8D4CA}.Release|Any CPU.ActiveCfg = Release|Any CPU
		{FEB51812-1D5C-4A67-4D4C-1EEAD9B8D4CA}.Release|Any CPU.Build.0 = Release|Any CPU
		{D7B84B79-29CC-60F3-F49E-065ABEA51180}.Debug|Any CPU.ActiveCfg = Debug|Any CPU
		{D7B84B79-29CC-60F3-F49E-065ABEA51180}.Debug|Any CPU.Build.0 = Debug|Any CPU
		{D7B84B79-29CC-60F3-F49E-065ABEA51180}.Release|Any CPU.ActiveCfg = Release|Any CPU
		{D7B84B79-29CC-60F3-F49E-065ABEA51180}.Release|Any CPU.Build.0 = Release|Any CPU
	EndGlobalSection
	GlobalSection(SolutionProperties) = preSolution
		HideSolutionNode = FALSE
	EndGlobalSection
	GlobalSection(MonoDevelopProperties) = preSolution
		StartupItem = Assembly-CSharp.csproj
	EndGlobalSection
EndGlobal
