Microsoft Visual Studio Solution File, Format Version 11.00
# Visual Studio 2008

Project("{BEF3C183-407B-27D1-B289-6634090CB9A4}") = "City-Circulation-Cimulator", "Assembly-CSharp.csproj", "{3A4BDDC2-9B65-A483-8E20-11D909D9F912}"
EndProject
Project("{BEF3C183-407B-27D1-B289-6634090CB9A4}") = "City-Circulation-Cimulator", "Assembly-CSharp-Editor.csproj", "{D3DF025D-A3E7-4031-F4AC-307FB444B886}"
EndProject
Global
	GlobalSection(SolutionConfigurationPlatforms) = preSolution
		Debug|Any CPU = Debug|Any CPU
		Release|Any CPU = Release|Any CPU
	EndGlobalSection
	GlobalSection(ProjectConfigurationPlatforms) = postSolution
		{3A4BDDC2-9B65-A483-8E20-11D909D9F912}.Debug|Any CPU.ActiveCfg = Debug|Any CPU
		{3A4BDDC2-9B65-A483-8E20-11D909D9F912}.Debug|Any CPU.Build.0 = Debug|Any CPU
		{3A4BDDC2-9B65-A483-8E20-11D909D9F912}.Release|Any CPU.ActiveCfg = Release|Any CPU
		{3A4BDDC2-9B65-A483-8E20-11D909D9F912}.Release|Any CPU.Build.0 = Release|Any CPU
		{D3DF025D-A3E7-4031-F4AC-307FB444B886}.Debug|Any CPU.ActiveCfg = Debug|Any CPU
		{D3DF025D-A3E7-4031-F4AC-307FB444B886}.Debug|Any CPU.Build.0 = Debug|Any CPU
		{D3DF025D-A3E7-4031-F4AC-307FB444B886}.Release|Any CPU.ActiveCfg = Release|Any CPU
		{D3DF025D-A3E7-4031-F4AC-307FB444B886}.Release|Any CPU.Build.0 = Release|Any CPU
	EndGlobalSection
	GlobalSection(SolutionProperties) = preSolution
		HideSolutionNode = FALSE
	EndGlobalSection
	GlobalSection(MonoDevelopProperties) = preSolution
		StartupItem = Assembly-CSharp.csproj
	EndGlobalSection
EndGlobal
